// !$*UTF8*$!
{
	archiveVersion = 1;
	classes = {
	};
	objectVersion = 46;
	objects = {

/* Begin PBXBuildFile section */
		4208D82316AC13B300710969 /* MKTowerTest.m in Sources */ = {isa = PBXBuildFile; fileRef = 4208D82216AC13B300710969 /* MKTowerTest.m */; };
		4208D82E16AC198700710969 /* MKProjectile.m in Sources */ = {isa = PBXBuildFile; fileRef = 4208D82D16AC198700710969 /* MKProjectile.m */; };
		4208D83216AC1FD300710969 /* MKProjectileTest.m in Sources */ = {isa = PBXBuildFile; fileRef = 4208D83116AC1FD300710969 /* MKProjectileTest.m */; };
		4208D83516AC2E0800710969 /* MKProjectileRepository.m in Sources */ = {isa = PBXBuildFile; fileRef = 4208D83416AC2E0700710969 /* MKProjectileRepository.m */; };
		4208D83816AC2F1D00710969 /* MKTowerRepository.m in Sources */ = {isa = PBXBuildFile; fileRef = 4208D83716AC2F1C00710969 /* MKTowerRepository.m */; };
		4208D83B16AC2FC100710969 /* MKTowerFactory.m in Sources */ = {isa = PBXBuildFile; fileRef = 4208D83A16AC2FC100710969 /* MKTowerFactory.m */; };
		420D8EDF16D2CD38006C6BB6 /* stageForTest.plist in Resources */ = {isa = PBXBuildFile; fileRef = 420D8EDE16D2CD38006C6BB6 /* stageForTest.plist */; };
		4241B65816BEFC7500343212 /* MKStageInfo.m in Sources */ = {isa = PBXBuildFile; fileRef = 4241B65716BEFC7500343212 /* MKStageInfo.m */; };
		4241B65B16BEFCB800343212 /* MKStageInfoTest.m in Sources */ = {isa = PBXBuildFile; fileRef = 4241B65A16BEFCB800343212 /* MKStageInfoTest.m */; };
		425C1C9A16B379BA00822520 /* MKWave.m in Sources */ = {isa = PBXBuildFile; fileRef = 425C1C9916B379BA00822520 /* MKWave.m */; };
		425C1C9D16B37F1C00822520 /* MKWaveTest.m in Sources */ = {isa = PBXBuildFile; fileRef = 425C1C9C16B37F1C00822520 /* MKWaveTest.m */; };
		425C1CA016B3826400822520 /* MKScenario.m in Sources */ = {isa = PBXBuildFile; fileRef = 425C1C9F16B3826400822520 /* MKScenario.m */; };
		425C1CA316B3840A00822520 /* MKScenarioTest.m in Sources */ = {isa = PBXBuildFile; fileRef = 425C1CA216B3840A00822520 /* MKScenarioTest.m */; };
		429ED9AE16A38F02004F81EE /* MKMoveObject.m in Sources */ = {isa = PBXBuildFile; fileRef = 429ED9AD16A38F02004F81EE /* MKMoveObject.m */; };
		429ED9B216A38F69004F81EE /* MKMoveObjectTest.m in Sources */ = {isa = PBXBuildFile; fileRef = 429ED9B116A38F69004F81EE /* MKMoveObjectTest.m */; };
		42B063B616A42A8F00D23975 /* MKCreep.m in Sources */ = {isa = PBXBuildFile; fileRef = 42B063B516A42A8F00D23975 /* MKCreep.m */; };
		42B063B916A42C4700D23975 /* MKCreepTest.m in Sources */ = {isa = PBXBuildFile; fileRef = 42B063B816A42C4700D23975 /* MKCreepTest.m */; };
		42B063BE16A42DD400D23975 /* MKCourse.m in Sources */ = {isa = PBXBuildFile; fileRef = 42B063BD16A42DD400D23975 /* MKCourse.m */; };
		42B063C116A4370100D23975 /* MKCourseTest.m in Sources */ = {isa = PBXBuildFile; fileRef = 42B063C016A4370100D23975 /* MKCourseTest.m */; };
		42B063C416A43BEA00D23975 /* MKCreepFactory.m in Sources */ = {isa = PBXBuildFile; fileRef = 42B063C316A43BEA00D23975 /* MKCreepFactory.m */; };
		42B063C816A44D7800D23975 /* MKCreepRepository.m in Sources */ = {isa = PBXBuildFile; fileRef = 42B063C716A44D7800D23975 /* MKCreepRepository.m */; };
		42B063CD16A44F6C00D23975 /* MKTower.m in Sources */ = {isa = PBXBuildFile; fileRef = 42B063CC16A44F6C00D23975 /* MKTower.m */; };
		42BADF1416A31C7D0040C77F /* MKPoint.m in Sources */ = {isa = PBXBuildFile; fileRef = 42BADF1316A31C7D0040C77F /* MKPoint.m */; };
		42BADF1916A31DC10040C77F /* MKPointTests.m in Sources */ = {isa = PBXBuildFile; fileRef = 42BADF1816A31DC10040C77F /* MKPointTests.m */; };
		42BADF1C16A31F590040C77F /* MKAppDelegate.m in Sources */ = {isa = PBXBuildFile; fileRef = 42BADF1B16A31F590040C77F /* MKAppDelegate.m */; };
		42C47DA216A2E8230013306E /* UIKit.framework in Frameworks */ = {isa = PBXBuildFile; fileRef = 42C47DA116A2E8230013306E /* UIKit.framework */; };
		42C47DA416A2E8230013306E /* Foundation.framework in Frameworks */ = {isa = PBXBuildFile; fileRef = 42C47DA316A2E8230013306E /* Foundation.framework */; };
		42C47DA616A2E8230013306E /* CoreGraphics.framework in Frameworks */ = {isa = PBXBuildFile; fileRef = 42C47DA516A2E8230013306E /* CoreGraphics.framework */; };
		42C47DAC16A2E8230013306E /* InfoPlist.strings in Resources */ = {isa = PBXBuildFile; fileRef = 42C47DAA16A2E8230013306E /* InfoPlist.strings */; };
		42C47DAE16A2E8230013306E /* main.m in Sources */ = {isa = PBXBuildFile; fileRef = 42C47DAD16A2E8230013306E /* main.m */; };
		42C47DB416A2E8230013306E /* Default.png in Resources */ = {isa = PBXBuildFile; fileRef = 42C47DB316A2E8230013306E /* Default.png */; };
		42C47DB616A2E8230013306E /* Default@2x.png in Resources */ = {isa = PBXBuildFile; fileRef = 42C47DB516A2E8230013306E /* Default@2x.png */; };
		42C47DB816A2E8230013306E /* Default-568h@2x.png in Resources */ = {isa = PBXBuildFile; fileRef = 42C47DB716A2E8230013306E /* Default-568h@2x.png */; };
		42C47DC016A2E8230013306E /* SenTestingKit.framework in Frameworks */ = {isa = PBXBuildFile; fileRef = 42C47DBF16A2E8230013306E /* SenTestingKit.framework */; };
		42C47DC116A2E8230013306E /* UIKit.framework in Frameworks */ = {isa = PBXBuildFile; fileRef = 42C47DA116A2E8230013306E /* UIKit.framework */; };
		42C47DC216A2E8230013306E /* Foundation.framework in Frameworks */ = {isa = PBXBuildFile; fileRef = 42C47DA316A2E8230013306E /* Foundation.framework */; };
		42C47DCA16A2E8230013306E /* InfoPlist.strings in Resources */ = {isa = PBXBuildFile; fileRef = 42C47DC816A2E8230013306E /* InfoPlist.strings */; };
/* End PBXBuildFile section */

/* Begin PBXContainerItemProxy section */
		42C47DC316A2E8230013306E /* PBXContainerItemProxy */ = {
			isa = PBXContainerItemProxy;
			containerPortal = 42C47D9416A2E8230013306E /* Project object */;
			proxyType = 1;
			remoteGlobalIDString = 42C47D9C16A2E8230013306E;
			remoteInfo = MKTowerDefence;
		};
/* End PBXContainerItemProxy section */

/* Begin PBXFileReference section */
		4208D82116AC13B300710969 /* MKTowerTest.h */ = {isa = PBXFileReference; fileEncoding = 4; lastKnownFileType = sourcecode.c.h; name = MKTowerTest.h; path = Classes/Core/Tower/MKTowerTest.h; sourceTree = "<group>"; };
		4208D82216AC13B300710969 /* MKTowerTest.m */ = {isa = PBXFileReference; fileEncoding = 4; lastKnownFileType = sourcecode.c.objc; name = MKTowerTest.m; path = Classes/Core/Tower/MKTowerTest.m; sourceTree = "<group>"; };
		4208D82916AC167400710969 /* MKTowerProtocol.h */ = {isa = PBXFileReference; lastKnownFileType = sourcecode.c.h; name = MKTowerProtocol.h; path = Classes/Core/Tower/MKTowerProtocol.h; sourceTree = "<group>"; };
		4208D82B16AC18FE00710969 /* MKProjectileProtocol.h */ = {isa = PBXFileReference; lastKnownFileType = sourcecode.c.h; name = MKProjectileProtocol.h; path = Classes/Core/Projectile/MKProjectileProtocol.h; sourceTree = "<group>"; };
		4208D82C16AC198600710969 /* MKProjectile.h */ = {isa = PBXFileReference; fileEncoding = 4; lastKnownFileType = sourcecode.c.h; name = MKProjectile.h; path = Classes/Core/Projectile/MKProjectile.h; sourceTree = "<group>"; };
		4208D82D16AC198700710969 /* MKProjectile.m */ = {isa = PBXFileReference; fileEncoding = 4; lastKnownFileType = sourcecode.c.objc; name = MKProjectile.m; path = Classes/Core/Projectile/MKProjectile.m; sourceTree = "<group>"; };
		4208D83016AC1FD300710969 /* MKProjectileTest.h */ = {isa = PBXFileReference; fileEncoding = 4; lastKnownFileType = sourcecode.c.h; name = MKProjectileTest.h; path = Classes/Core/Projectile/MKProjectileTest.h; sourceTree = "<group>"; };
		4208D83116AC1FD300710969 /* MKProjectileTest.m */ = {isa = PBXFileReference; fileEncoding = 4; lastKnownFileType = sourcecode.c.objc; name = MKProjectileTest.m; path = Classes/Core/Projectile/MKProjectileTest.m; sourceTree = "<group>"; };
		4208D83316AC2E0700710969 /* MKProjectileRepository.h */ = {isa = PBXFileReference; fileEncoding = 4; lastKnownFileType = sourcecode.c.h; name = MKProjectileRepository.h; path = Classes/Core/Projectile/MKProjectileRepository.h; sourceTree = "<group>"; };
		4208D83416AC2E0700710969 /* MKProjectileRepository.m */ = {isa = PBXFileReference; fileEncoding = 4; lastKnownFileType = sourcecode.c.objc; name = MKProjectileRepository.m; path = Classes/Core/Projectile/MKProjectileRepository.m; sourceTree = "<group>"; };
		4208D83616AC2F1C00710969 /* MKTowerRepository.h */ = {isa = PBXFileReference; fileEncoding = 4; lastKnownFileType = sourcecode.c.h; name = MKTowerRepository.h; path = Classes/Core/Tower/MKTowerRepository.h; sourceTree = "<group>"; };
		4208D83716AC2F1C00710969 /* MKTowerRepository.m */ = {isa = PBXFileReference; fileEncoding = 4; lastKnownFileType = sourcecode.c.objc; name = MKTowerRepository.m; path = Classes/Core/Tower/MKTowerRepository.m; sourceTree = "<group>"; };
		4208D83916AC2FC000710969 /* MKTowerFactory.h */ = {isa = PBXFileReference; fileEncoding = 4; lastKnownFileType = sourcecode.c.h; name = MKTowerFactory.h; path = Classes/Core/Tower/MKTowerFactory.h; sourceTree = "<group>"; };
		4208D83A16AC2FC100710969 /* MKTowerFactory.m */ = {isa = PBXFileReference; fileEncoding = 4; lastKnownFileType = sourcecode.c.objc; name = MKTowerFactory.m; path = Classes/Core/Tower/MKTowerFactory.m; sourceTree = "<group>"; };
		420D8EDE16D2CD38006C6BB6 /* stageForTest.plist */ = {isa = PBXFileReference; fileEncoding = 4; lastKnownFileType = text.plist.xml; name = stageForTest.plist; path = Resources/stageForTest.plist; sourceTree = "<group>"; };
		4241B65616BEFC7500343212 /* MKStageInfo.h */ = {isa = PBXFileReference; fileEncoding = 4; lastKnownFileType = sourcecode.c.h; name = MKStageInfo.h; path = Classes/Core/Stage/MKStageInfo.h; sourceTree = "<group>"; };
		4241B65716BEFC7500343212 /* MKStageInfo.m */ = {isa = PBXFileReference; fileEncoding = 4; lastKnownFileType = sourcecode.c.objc; name = MKStageInfo.m; path = Classes/Core/Stage/MKStageInfo.m; sourceTree = "<group>"; };
		4241B65916BEFCB800343212 /* MKStageInfoTest.h */ = {isa = PBXFileReference; fileEncoding = 4; lastKnownFileType = sourcecode.c.h; name = MKStageInfoTest.h; path = Classes/Core/Stage/MKStageInfoTest.h; sourceTree = "<group>"; };
		4241B65A16BEFCB800343212 /* MKStageInfoTest.m */ = {isa = PBXFileReference; fileEncoding = 4; lastKnownFileType = sourcecode.c.objc; name = MKStageInfoTest.m; path = Classes/Core/Stage/MKStageInfoTest.m; sourceTree = "<group>"; };
		425C1C9816B379BA00822520 /* MKWave.h */ = {isa = PBXFileReference; fileEncoding = 4; lastKnownFileType = sourcecode.c.h; name = MKWave.h; path = Classes/Core/Scenario/MKWave.h; sourceTree = "<group>"; };
		425C1C9916B379BA00822520 /* MKWave.m */ = {isa = PBXFileReference; fileEncoding = 4; lastKnownFileType = sourcecode.c.objc; name = MKWave.m; path = Classes/Core/Scenario/MKWave.m; sourceTree = "<group>"; };
		425C1C9B16B37F1C00822520 /* MKWaveTest.h */ = {isa = PBXFileReference; fileEncoding = 4; lastKnownFileType = sourcecode.c.h; name = MKWaveTest.h; path = Classes/Core/Scenario/MKWaveTest.h; sourceTree = "<group>"; };
		425C1C9C16B37F1C00822520 /* MKWaveTest.m */ = {isa = PBXFileReference; fileEncoding = 4; lastKnownFileType = sourcecode.c.objc; name = MKWaveTest.m; path = Classes/Core/Scenario/MKWaveTest.m; sourceTree = "<group>"; };
		425C1C9E16B3826400822520 /* MKScenario.h */ = {isa = PBXFileReference; fileEncoding = 4; lastKnownFileType = sourcecode.c.h; name = MKScenario.h; path = Classes/Core/Scenario/MKScenario.h; sourceTree = "<group>"; };
		425C1C9F16B3826400822520 /* MKScenario.m */ = {isa = PBXFileReference; fileEncoding = 4; lastKnownFileType = sourcecode.c.objc; name = MKScenario.m; path = Classes/Core/Scenario/MKScenario.m; sourceTree = "<group>"; };
		425C1CA116B3840A00822520 /* MKScenarioTest.h */ = {isa = PBXFileReference; fileEncoding = 4; lastKnownFileType = sourcecode.c.h; name = MKScenarioTest.h; path = Classes/Core/Scenario/MKScenarioTest.h; sourceTree = "<group>"; };
		425C1CA216B3840A00822520 /* MKScenarioTest.m */ = {isa = PBXFileReference; fileEncoding = 4; lastKnownFileType = sourcecode.c.objc; name = MKScenarioTest.m; path = Classes/Core/Scenario/MKScenarioTest.m; sourceTree = "<group>"; };
		429ED9AC16A38F02004F81EE /* MKMoveObject.h */ = {isa = PBXFileReference; fileEncoding = 4; lastKnownFileType = sourcecode.c.h; name = MKMoveObject.h; path = Classes/Core/Shared/MKMoveObject.h; sourceTree = "<group>"; };
		429ED9AD16A38F02004F81EE /* MKMoveObject.m */ = {isa = PBXFileReference; fileEncoding = 4; lastKnownFileType = sourcecode.c.objc; name = MKMoveObject.m; path = Classes/Core/Shared/MKMoveObject.m; sourceTree = "<group>"; };
		429ED9B016A38F69004F81EE /* MKMoveObjectTest.h */ = {isa = PBXFileReference; fileEncoding = 4; lastKnownFileType = sourcecode.c.h; name = MKMoveObjectTest.h; path = Classes/Core/Shared/MKMoveObjectTest.h; sourceTree = "<group>"; };
		429ED9B116A38F69004F81EE /* MKMoveObjectTest.m */ = {isa = PBXFileReference; fileEncoding = 4; lastKnownFileType = sourcecode.c.objc; name = MKMoveObjectTest.m; path = Classes/Core/Shared/MKMoveObjectTest.m; sourceTree = "<group>"; };
		42B063B416A42A8F00D23975 /* MKCreep.h */ = {isa = PBXFileReference; fileEncoding = 4; lastKnownFileType = sourcecode.c.h; name = MKCreep.h; path = Classes/Core/Creep/MKCreep.h; sourceTree = "<group>"; };
		42B063B516A42A8F00D23975 /* MKCreep.m */ = {isa = PBXFileReference; fileEncoding = 4; lastKnownFileType = sourcecode.c.objc; name = MKCreep.m; path = Classes/Core/Creep/MKCreep.m; sourceTree = "<group>"; };
		42B063B716A42C4700D23975 /* MKCreepTest.h */ = {isa = PBXFileReference; fileEncoding = 4; lastKnownFileType = sourcecode.c.h; name = MKCreepTest.h; path = Classes/Core/Creep/MKCreepTest.h; sourceTree = "<group>"; };
		42B063B816A42C4700D23975 /* MKCreepTest.m */ = {isa = PBXFileReference; fileEncoding = 4; lastKnownFileType = sourcecode.c.objc; name = MKCreepTest.m; path = Classes/Core/Creep/MKCreepTest.m; sourceTree = "<group>"; };
		42B063BC16A42DD400D23975 /* MKCourse.h */ = {isa = PBXFileReference; fileEncoding = 4; lastKnownFileType = sourcecode.c.h; name = MKCourse.h; path = Classes/Core/Course/MKCourse.h; sourceTree = "<group>"; };
		42B063BD16A42DD400D23975 /* MKCourse.m */ = {isa = PBXFileReference; fileEncoding = 4; lastKnownFileType = sourcecode.c.objc; name = MKCourse.m; path = Classes/Core/Course/MKCourse.m; sourceTree = "<group>"; };
		42B063BF16A4370100D23975 /* MKCourseTest.h */ = {isa = PBXFileReference; fileEncoding = 4; lastKnownFileType = sourcecode.c.h; name = MKCourseTest.h; path = Classes/Core/Course/MKCourseTest.h; sourceTree = "<group>"; };
		42B063C016A4370100D23975 /* MKCourseTest.m */ = {isa = PBXFileReference; fileEncoding = 4; lastKnownFileType = sourcecode.c.objc; name = MKCourseTest.m; path = Classes/Core/Course/MKCourseTest.m; sourceTree = "<group>"; };
		42B063C216A43BEA00D23975 /* MKCreepFactory.h */ = {isa = PBXFileReference; fileEncoding = 4; lastKnownFileType = sourcecode.c.h; name = MKCreepFactory.h; path = Classes/Core/Creep/MKCreepFactory.h; sourceTree = "<group>"; };
		42B063C316A43BEA00D23975 /* MKCreepFactory.m */ = {isa = PBXFileReference; fileEncoding = 4; lastKnownFileType = sourcecode.c.objc; name = MKCreepFactory.m; path = Classes/Core/Creep/MKCreepFactory.m; sourceTree = "<group>"; };
		42B063C516A44D5B00D23975 /* MKCreepProtocol.h */ = {isa = PBXFileReference; lastKnownFileType = sourcecode.c.h; name = MKCreepProtocol.h; path = Classes/Core/Creep/MKCreepProtocol.h; sourceTree = "<group>"; };
		42B063C616A44D7800D23975 /* MKCreepRepository.h */ = {isa = PBXFileReference; fileEncoding = 4; lastKnownFileType = sourcecode.c.h; name = MKCreepRepository.h; path = Classes/Core/Creep/MKCreepRepository.h; sourceTree = "<group>"; };
		42B063C716A44D7800D23975 /* MKCreepRepository.m */ = {isa = PBXFileReference; fileEncoding = 4; lastKnownFileType = sourcecode.c.objc; name = MKCreepRepository.m; path = Classes/Core/Creep/MKCreepRepository.m; sourceTree = "<group>"; };
		42B063CB16A44F6C00D23975 /* MKTower.h */ = {isa = PBXFileReference; fileEncoding = 4; lastKnownFileType = sourcecode.c.h; name = MKTower.h; path = Classes/Core/Tower/MKTower.h; sourceTree = "<group>"; };
		42B063CC16A44F6C00D23975 /* MKTower.m */ = {isa = PBXFileReference; fileEncoding = 4; lastKnownFileType = sourcecode.c.objc; name = MKTower.m; path = Classes/Core/Tower/MKTower.m; sourceTree = "<group>"; };
		42BADF1216A31C7D0040C77F /* MKPoint.h */ = {isa = PBXFileReference; fileEncoding = 4; lastKnownFileType = sourcecode.c.h; name = MKPoint.h; path = Classes/Core/Shared/MKPoint.h; sourceTree = "<group>"; };
		42BADF1316A31C7D0040C77F /* MKPoint.m */ = {isa = PBXFileReference; fileEncoding = 4; lastKnownFileType = sourcecode.c.objc; name = MKPoint.m; path = Classes/Core/Shared/MKPoint.m; sourceTree = "<group>"; };
		42BADF1716A31DC10040C77F /* MKPointTests.h */ = {isa = PBXFileReference; fileEncoding = 4; lastKnownFileType = sourcecode.c.h; name = MKPointTests.h; path = Classes/Core/Shared/MKPointTests.h; sourceTree = "<group>"; };
		42BADF1816A31DC10040C77F /* MKPointTests.m */ = {isa = PBXFileReference; fileEncoding = 4; lastKnownFileType = sourcecode.c.objc; name = MKPointTests.m; path = Classes/Core/Shared/MKPointTests.m; sourceTree = "<group>"; };
		42BADF1A16A31F590040C77F /* MKAppDelegate.h */ = {isa = PBXFileReference; fileEncoding = 4; lastKnownFileType = sourcecode.c.h; path = MKAppDelegate.h; sourceTree = "<group>"; };
		42BADF1B16A31F590040C77F /* MKAppDelegate.m */ = {isa = PBXFileReference; fileEncoding = 4; lastKnownFileType = sourcecode.c.objc; path = MKAppDelegate.m; sourceTree = "<group>"; };
		42C47D9D16A2E8230013306E /* MKTowerDefence.app */ = {isa = PBXFileReference; explicitFileType = wrapper.application; includeInIndex = 0; path = MKTowerDefence.app; sourceTree = BUILT_PRODUCTS_DIR; };
		42C47DA116A2E8230013306E /* UIKit.framework */ = {isa = PBXFileReference; lastKnownFileType = wrapper.framework; name = UIKit.framework; path = System/Library/Frameworks/UIKit.framework; sourceTree = SDKROOT; };
		42C47DA316A2E8230013306E /* Foundation.framework */ = {isa = PBXFileReference; lastKnownFileType = wrapper.framework; name = Foundation.framework; path = System/Library/Frameworks/Foundation.framework; sourceTree = SDKROOT; };
		42C47DA516A2E8230013306E /* CoreGraphics.framework */ = {isa = PBXFileReference; lastKnownFileType = wrapper.framework; name = CoreGraphics.framework; path = System/Library/Frameworks/CoreGraphics.framework; sourceTree = SDKROOT; };
		42C47DA916A2E8230013306E /* MKTowerDefence-Info.plist */ = {isa = PBXFileReference; lastKnownFileType = text.plist.xml; path = "MKTowerDefence-Info.plist"; sourceTree = "<group>"; };
		42C47DAB16A2E8230013306E /* en */ = {isa = PBXFileReference; lastKnownFileType = text.plist.strings; name = en; path = en.lproj/InfoPlist.strings; sourceTree = "<group>"; };
		42C47DAD16A2E8230013306E /* main.m */ = {isa = PBXFileReference; lastKnownFileType = sourcecode.c.objc; path = main.m; sourceTree = "<group>"; };
		42C47DAF16A2E8230013306E /* MKTowerDefence-Prefix.pch */ = {isa = PBXFileReference; lastKnownFileType = sourcecode.c.h; path = "MKTowerDefence-Prefix.pch"; sourceTree = "<group>"; };
		42C47DB316A2E8230013306E /* Default.png */ = {isa = PBXFileReference; lastKnownFileType = image.png; path = Default.png; sourceTree = "<group>"; };
		42C47DB516A2E8230013306E /* Default@2x.png */ = {isa = PBXFileReference; lastKnownFileType = image.png; path = "Default@2x.png"; sourceTree = "<group>"; };
		42C47DB716A2E8230013306E /* Default-568h@2x.png */ = {isa = PBXFileReference; lastKnownFileType = image.png; path = "Default-568h@2x.png"; sourceTree = "<group>"; };
		42C47DBE16A2E8230013306E /* MKTowerDefenceTests.octest */ = {isa = PBXFileReference; explicitFileType = wrapper.cfbundle; includeInIndex = 0; path = MKTowerDefenceTests.octest; sourceTree = BUILT_PRODUCTS_DIR; };
		42C47DBF16A2E8230013306E /* SenTestingKit.framework */ = {isa = PBXFileReference; lastKnownFileType = wrapper.framework; name = SenTestingKit.framework; path = Library/Frameworks/SenTestingKit.framework; sourceTree = DEVELOPER_DIR; };
		42C47DC716A2E8230013306E /* MKTowerDefenceTests-Info.plist */ = {isa = PBXFileReference; lastKnownFileType = text.plist.xml; path = "MKTowerDefenceTests-Info.plist"; sourceTree = "<group>"; };
		42C47DC916A2E8230013306E /* en */ = {isa = PBXFileReference; lastKnownFileType = text.plist.strings; name = en; path = en.lproj/InfoPlist.strings; sourceTree = "<group>"; };
/* End PBXFileReference section */

/* Begin PBXFrameworksBuildPhase section */
		42C47D9A16A2E8230013306E /* Frameworks */ = {
			isa = PBXFrameworksBuildPhase;
			buildActionMask = 2147483647;
			files = (
				42C47DA216A2E8230013306E /* UIKit.framework in Frameworks */,
				42C47DA416A2E8230013306E /* Foundation.framework in Frameworks */,
				42C47DA616A2E8230013306E /* CoreGraphics.framework in Frameworks */,
			);
			runOnlyForDeploymentPostprocessing = 0;
		};
		42C47DBA16A2E8230013306E /* Frameworks */ = {
			isa = PBXFrameworksBuildPhase;
			buildActionMask = 2147483647;
			files = (
				42C47DC016A2E8230013306E /* SenTestingKit.framework in Frameworks */,
				42C47DC116A2E8230013306E /* UIKit.framework in Frameworks */,
				42C47DC216A2E8230013306E /* Foundation.framework in Frameworks */,
			);
			runOnlyForDeploymentPostprocessing = 0;
		};
/* End PBXFrameworksBuildPhase section */

/* Begin PBXGroup section */
		4208D82A16AC18E700710969 /* Projectile */ = {
			isa = PBXGroup;
			children = (
				4208D82B16AC18FE00710969 /* MKProjectileProtocol.h */,
				4208D82C16AC198600710969 /* MKProjectile.h */,
				4208D82D16AC198700710969 /* MKProjectile.m */,
				4208D83316AC2E0700710969 /* MKProjectileRepository.h */,
				4208D83416AC2E0700710969 /* MKProjectileRepository.m */,
			);
			name = Projectile;
			sourceTree = "<group>";
		};
		4208D82F16AC1FB900710969 /* Projectile */ = {
			isa = PBXGroup;
			children = (
				4208D83016AC1FD300710969 /* MKProjectileTest.h */,
				4208D83116AC1FD300710969 /* MKProjectileTest.m */,
			);
			name = Projectile;
			sourceTree = "<group>";
		};
		4241B65416BEFC1C00343212 /* Stage */ = {
			isa = PBXGroup;
			children = (
				4241B65616BEFC7500343212 /* MKStageInfo.h */,
				4241B65716BEFC7500343212 /* MKStageInfo.m */,
			);
			name = Stage;
			sourceTree = "<group>";
		};
		4241B65516BEFC2100343212 /* Stage */ = {
			isa = PBXGroup;
			children = (
				4241B65916BEFCB800343212 /* MKStageInfoTest.h */,
				4241B65A16BEFCB800343212 /* MKStageInfoTest.m */,
			);
			name = Stage;
			sourceTree = "<group>";
		};
		425C1C9216B3794800822520 /* Scenario */ = {
			isa = PBXGroup;
			children = (
				425C1C9E16B3826400822520 /* MKScenario.h */,
				425C1C9F16B3826400822520 /* MKScenario.m */,
				425C1C9816B379BA00822520 /* MKWave.h */,
				425C1C9916B379BA00822520 /* MKWave.m */,
			);
			name = Scenario;
			sourceTree = "<group>";
		};
		425C1C9416B3794E00822520 /* Scenario */ = {
			isa = PBXGroup;
			children = (
				425C1C9B16B37F1C00822520 /* MKWaveTest.h */,
				425C1C9C16B37F1C00822520 /* MKWaveTest.m */,
				425C1CA116B3840A00822520 /* MKScenarioTest.h */,
				425C1CA216B3840A00822520 /* MKScenarioTest.m */,
			);
			name = Scenario;
			sourceTree = "<group>";
		};
		42B063B116A42A4600D23975 /* Creep */ = {
			isa = PBXGroup;
			children = (
				42B063C516A44D5B00D23975 /* MKCreepProtocol.h */,
				42B063B416A42A8F00D23975 /* MKCreep.h */,
				42B063B516A42A8F00D23975 /* MKCreep.m */,
				42B063C216A43BEA00D23975 /* MKCreepFactory.h */,
				42B063C316A43BEA00D23975 /* MKCreepFactory.m */,
				42B063C616A44D7800D23975 /* MKCreepRepository.h */,
				42B063C716A44D7800D23975 /* MKCreepRepository.m */,
			);
			name = Creep;
			sourceTree = "<group>";
		};
		42B063B316A42A4D00D23975 /* Creep */ = {
			isa = PBXGroup;
			children = (
				42B063B716A42C4700D23975 /* MKCreepTest.h */,
				42B063B816A42C4700D23975 /* MKCreepTest.m */,
			);
			name = Creep;
			sourceTree = "<group>";
		};
		42B063BA16A42D5500D23975 /* Course */ = {
			isa = PBXGroup;
			children = (
				42B063BC16A42DD400D23975 /* MKCourse.h */,
				42B063BD16A42DD400D23975 /* MKCourse.m */,
			);
			name = Course;
			sourceTree = "<group>";
		};
		42B063BB16A42D5D00D23975 /* Course */ = {
			isa = PBXGroup;
			children = (
				42B063BF16A4370100D23975 /* MKCourseTest.h */,
				42B063C016A4370100D23975 /* MKCourseTest.m */,
			);
			name = Course;
			sourceTree = "<group>";
		};
		42B063C916A44F3E00D23975 /* Tower */ = {
			isa = PBXGroup;
			children = (
				4208D82916AC167400710969 /* MKTowerProtocol.h */,
				42B063CB16A44F6C00D23975 /* MKTower.h */,
				42B063CC16A44F6C00D23975 /* MKTower.m */,
				4208D83616AC2F1C00710969 /* MKTowerRepository.h */,
				4208D83716AC2F1C00710969 /* MKTowerRepository.m */,
				4208D83916AC2FC000710969 /* MKTowerFactory.h */,
				4208D83A16AC2FC100710969 /* MKTowerFactory.m */,
			);
			name = Tower;
			sourceTree = "<group>";
		};
		42B063CA16A44F4600D23975 /* Tower */ = {
			isa = PBXGroup;
			children = (
				4208D82116AC13B300710969 /* MKTowerTest.h */,
				4208D82216AC13B300710969 /* MKTowerTest.m */,
			);
			name = Tower;
			sourceTree = "<group>";
		};
		42BADF0D16A31C0C0040C77F /* Classes */ = {
			isa = PBXGroup;
			children = (
				42BADF1016A31C2D0040C77F /* Core */,
			);
			name = Classes;
			sourceTree = "<group>";
		};
		42BADF0F16A31C120040C77F /* Classes */ = {
			isa = PBXGroup;
			children = (
				42BADF1516A31D9E0040C77F /* Core */,
			);
			name = Classes;
			sourceTree = "<group>";
		};
		42BADF1016A31C2D0040C77F /* Core */ = {
			isa = PBXGroup;
			children = (
				4241B65416BEFC1C00343212 /* Stage */,
				425C1C9216B3794800822520 /* Scenario */,
				4208D82A16AC18E700710969 /* Projectile */,
				42B063C916A44F3E00D23975 /* Tower */,
				42B063BA16A42D5500D23975 /* Course */,
				42B063B116A42A4600D23975 /* Creep */,
				42BADF1116A31C3F0040C77F /* Shared */,
			);
			name = Core;
			sourceTree = "<group>";
		};
		42BADF1116A31C3F0040C77F /* Shared */ = {
			isa = PBXGroup;
			children = (
				42BADF1216A31C7D0040C77F /* MKPoint.h */,
				42BADF1316A31C7D0040C77F /* MKPoint.m */,
				429ED9AC16A38F02004F81EE /* MKMoveObject.h */,
				429ED9AD16A38F02004F81EE /* MKMoveObject.m */,
			);
			name = Shared;
			sourceTree = "<group>";
		};
		42BADF1516A31D9E0040C77F /* Core */ = {
			isa = PBXGroup;
			children = (
				4241B65516BEFC2100343212 /* Stage */,
				425C1C9416B3794E00822520 /* Scenario */,
				4208D82F16AC1FB900710969 /* Projectile */,
				42B063CA16A44F4600D23975 /* Tower */,
				42B063BB16A42D5D00D23975 /* Course */,
				42B063B316A42A4D00D23975 /* Creep */,
				42BADF1616A31DA40040C77F /* Shared */,
			);
			name = Core;
			sourceTree = "<group>";
		};
		42BADF1616A31DA40040C77F /* Shared */ = {
			isa = PBXGroup;
			children = (
				42BADF1716A31DC10040C77F /* MKPointTests.h */,
				42BADF1816A31DC10040C77F /* MKPointTests.m */,
				429ED9B016A38F69004F81EE /* MKMoveObjectTest.h */,
				429ED9B116A38F69004F81EE /* MKMoveObjectTest.m */,
			);
			name = Shared;
			sourceTree = "<group>";
		};
		42C47D9216A2E8230013306E = {
			isa = PBXGroup;
			children = (
				42C47DA716A2E8230013306E /* MKTowerDefence */,
				42C47DC516A2E8230013306E /* MKTowerDefenceTests */,
				42C47DA016A2E8230013306E /* Frameworks */,
				42C47D9E16A2E8230013306E /* Products */,
			);
			sourceTree = "<group>";
		};
		42C47D9E16A2E8230013306E /* Products */ = {
			isa = PBXGroup;
			children = (
				42C47D9D16A2E8230013306E /* MKTowerDefence.app */,
				42C47DBE16A2E8230013306E /* MKTowerDefenceTests.octest */,
			);
			name = Products;
			sourceTree = "<group>";
		};
		42C47DA016A2E8230013306E /* Frameworks */ = {
			isa = PBXGroup;
			children = (
				42C47DA116A2E8230013306E /* UIKit.framework */,
				42C47DA316A2E8230013306E /* Foundation.framework */,
				42C47DA516A2E8230013306E /* CoreGraphics.framework */,
				42C47DBF16A2E8230013306E /* SenTestingKit.framework */,
			);
			name = Frameworks;
			sourceTree = "<group>";
		};
		42C47DA716A2E8230013306E /* MKTowerDefence */ = {
			isa = PBXGroup;
			children = (
				42BADF1A16A31F590040C77F /* MKAppDelegate.h */,
				42BADF1B16A31F590040C77F /* MKAppDelegate.m */,
				42BADF0D16A31C0C0040C77F /* Classes */,
				42C47DA816A2E8230013306E /* Supporting Files */,
			);
			path = MKTowerDefence;
			sourceTree = "<group>";
		};
		42C47DA816A2E8230013306E /* Supporting Files */ = {
			isa = PBXGroup;
			children = (
				420D8EDE16D2CD38006C6BB6 /* stageForTest.plist */,
				42C47DA916A2E8230013306E /* MKTowerDefence-Info.plist */,
				42C47DAA16A2E8230013306E /* InfoPlist.strings */,
				42C47DAD16A2E8230013306E /* main.m */,
				42C47DAF16A2E8230013306E /* MKTowerDefence-Prefix.pch */,
				42C47DB316A2E8230013306E /* Default.png */,
				42C47DB516A2E8230013306E /* Default@2x.png */,
				42C47DB716A2E8230013306E /* Default-568h@2x.png */,
			);
			name = "Supporting Files";
			sourceTree = "<group>";
		};
		42C47DC516A2E8230013306E /* MKTowerDefenceTests */ = {
			isa = PBXGroup;
			children = (
				42BADF0F16A31C120040C77F /* Classes */,
				42C47DC616A2E8230013306E /* Supporting Files */,
			);
			path = MKTowerDefenceTests;
			sourceTree = "<group>";
		};
		42C47DC616A2E8230013306E /* Supporting Files */ = {
			isa = PBXGroup;
			children = (
				42C47DC716A2E8230013306E /* MKTowerDefenceTests-Info.plist */,
				42C47DC816A2E8230013306E /* InfoPlist.strings */,
			);
			name = "Supporting Files";
			sourceTree = "<group>";
		};
/* End PBXGroup section */

/* Begin PBXNativeTarget section */
		42C47D9C16A2E8230013306E /* MKTowerDefence */ = {
			isa = PBXNativeTarget;
			buildConfigurationList = 42C47DD016A2E8230013306E /* Build configuration list for PBXNativeTarget "MKTowerDefence" */;
			buildPhases = (
				42C47D9916A2E8230013306E /* Sources */,
				42C47D9A16A2E8230013306E /* Frameworks */,
				42C47D9B16A2E8230013306E /* Resources */,
			);
			buildRules = (
			);
			dependencies = (
			);
			name = MKTowerDefence;
			productName = MKTowerDefence;
			productReference = 42C47D9D16A2E8230013306E /* MKTowerDefence.app */;
			productType = "com.apple.product-type.application";
		};
		42C47DBD16A2E8230013306E /* MKTowerDefenceTests */ = {
			isa = PBXNativeTarget;
			buildConfigurationList = 42C47DD316A2E8230013306E /* Build configuration list for PBXNativeTarget "MKTowerDefenceTests" */;
			buildPhases = (
				42C47DB916A2E8230013306E /* Sources */,
				42C47DBA16A2E8230013306E /* Frameworks */,
				42C47DBB16A2E8230013306E /* Resources */,
				42C47DBC16A2E8230013306E /* ShellScript */,
			);
			buildRules = (
			);
			dependencies = (
				42C47DC416A2E8230013306E /* PBXTargetDependency */,
			);
			name = MKTowerDefenceTests;
			productName = MKTowerDefenceTests;
			productReference = 42C47DBE16A2E8230013306E /* MKTowerDefenceTests.octest */;
			productType = "com.apple.product-type.bundle";
		};
/* End PBXNativeTarget section */

/* Begin PBXProject section */
		42C47D9416A2E8230013306E /* Project object */ = {
			isa = PBXProject;
			attributes = {
				CLASSPREFIX = MK;
				LastUpgradeCheck = 0450;
				ORGANIZATIONNAME = Murakei;
			};
			buildConfigurationList = 42C47D9716A2E8230013306E /* Build configuration list for PBXProject "MKTowerDefence" */;
			compatibilityVersion = "Xcode 3.2";
			developmentRegion = English;
			hasScannedForEncodings = 0;
			knownRegions = (
				en,
			);
			mainGroup = 42C47D9216A2E8230013306E;
			productRefGroup = 42C47D9E16A2E8230013306E /* Products */;
			projectDirPath = "";
			projectRoot = "";
			targets = (
				42C47D9C16A2E8230013306E /* MKTowerDefence */,
				42C47DBD16A2E8230013306E /* MKTowerDefenceTests */,
			);
		};
/* End PBXProject section */

/* Begin PBXResourcesBuildPhase section */
		42C47D9B16A2E8230013306E /* Resources */ = {
			isa = PBXResourcesBuildPhase;
			buildActionMask = 2147483647;
			files = (
				42C47DAC16A2E8230013306E /* InfoPlist.strings in Resources */,
				42C47DB416A2E8230013306E /* Default.png in Resources */,
				42C47DB616A2E8230013306E /* Default@2x.png in Resources */,
				42C47DB816A2E8230013306E /* Default-568h@2x.png in Resources */,
				420D8EDF16D2CD38006C6BB6 /* stageForTest.plist in Resources */,
			);
			runOnlyForDeploymentPostprocessing = 0;
		};
		42C47DBB16A2E8230013306E /* Resources */ = {
			isa = PBXResourcesBuildPhase;
			buildActionMask = 2147483647;
			files = (
				42C47DCA16A2E8230013306E /* InfoPlist.strings in Resources */,
			);
			runOnlyForDeploymentPostprocessing = 0;
		};
/* End PBXResourcesBuildPhase section */

/* Begin PBXShellScriptBuildPhase section */
		42C47DBC16A2E8230013306E /* ShellScript */ = {
			isa = PBXShellScriptBuildPhase;
			buildActionMask = 2147483647;
			files = (
			);
			inputPaths = (
			);
			outputPaths = (
			);
			runOnlyForDeploymentPostprocessing = 0;
			shellPath = /bin/sh;
			shellScript = "# Run the unit tests in this test bundle.\n\"${SYSTEM_DEVELOPER_DIR}/Tools/RunUnitTests\"\n";
		};
/* End PBXShellScriptBuildPhase section */

/* Begin PBXSourcesBuildPhase section */
		42C47D9916A2E8230013306E /* Sources */ = {
			isa = PBXSourcesBuildPhase;
			buildActionMask = 2147483647;
			files = (
				42C47DAE16A2E8230013306E /* main.m in Sources */,
				42BADF1416A31C7D0040C77F /* MKPoint.m in Sources */,
				42BADF1C16A31F590040C77F /* MKAppDelegate.m in Sources */,
				429ED9AE16A38F02004F81EE /* MKMoveObject.m in Sources */,
				42B063B616A42A8F00D23975 /* MKCreep.m in Sources */,
				42B063BE16A42DD400D23975 /* MKCourse.m in Sources */,
				42B063C416A43BEA00D23975 /* MKCreepFactory.m in Sources */,
				42B063C816A44D7800D23975 /* MKCreepRepository.m in Sources */,
				42B063CD16A44F6C00D23975 /* MKTower.m in Sources */,
				4208D82E16AC198700710969 /* MKProjectile.m in Sources */,
				4208D83516AC2E0800710969 /* MKProjectileRepository.m in Sources */,
				4208D83816AC2F1D00710969 /* MKTowerRepository.m in Sources */,
				4208D83B16AC2FC100710969 /* MKTowerFactory.m in Sources */,
				425C1C9A16B379BA00822520 /* MKWave.m in Sources */,
				425C1CA016B3826400822520 /* MKScenario.m in Sources */,
				4241B65816BEFC7500343212 /* MKStageInfo.m in Sources */,
			);
			runOnlyForDeploymentPostprocessing = 0;
		};
		42C47DB916A2E8230013306E /* Sources */ = {
			isa = PBXSourcesBuildPhase;
			buildActionMask = 2147483647;
			files = (
				42BADF1916A31DC10040C77F /* MKPointTests.m in Sources */,
				429ED9B216A38F69004F81EE /* MKMoveObjectTest.m in Sources */,
				42B063B916A42C4700D23975 /* MKCreepTest.m in Sources */,
				42B063C116A4370100D23975 /* MKCourseTest.m in Sources */,
				4208D82316AC13B300710969 /* MKTowerTest.m in Sources */,
				4208D83216AC1FD300710969 /* MKProjectileTest.m in Sources */,
				425C1C9D16B37F1C00822520 /* MKWaveTest.m in Sources */,
				425C1CA316B3840A00822520 /* MKScenarioTest.m in Sources */,
				4241B65B16BEFCB800343212 /* MKStageInfoTest.m in Sources */,
			);
			runOnlyForDeploymentPostprocessing = 0;
		};
/* End PBXSourcesBuildPhase section */

/* Begin PBXTargetDependency section */
		42C47DC416A2E8230013306E /* PBXTargetDependency */ = {
			isa = PBXTargetDependency;
			target = 42C47D9C16A2E8230013306E /* MKTowerDefence */;
			targetProxy = 42C47DC316A2E8230013306E /* PBXContainerItemProxy */;
		};
/* End PBXTargetDependency section */

/* Begin PBXVariantGroup section */
		42C47DAA16A2E8230013306E /* InfoPlist.strings */ = {
			isa = PBXVariantGroup;
			children = (
				42C47DAB16A2E8230013306E /* en */,
			);
			name = InfoPlist.strings;
			sourceTree = "<group>";
		};
		42C47DC816A2E8230013306E /* InfoPlist.strings */ = {
			isa = PBXVariantGroup;
			children = (
				42C47DC916A2E8230013306E /* en */,
			);
			name = InfoPlist.strings;
			sourceTree = "<group>";
		};
/* End PBXVariantGroup section */

/* Begin XCBuildConfiguration section */
		42C47DCE16A2E8230013306E /* Debug */ = {
			isa = XCBuildConfiguration;
			buildSettings = {
				ALWAYS_SEARCH_USER_PATHS = NO;
				CLANG_CXX_LANGUAGE_STANDARD = "gnu++0x";
				CLANG_CXX_LIBRARY = "libc++";
				CLANG_WARN_EMPTY_BODY = YES;
				CLANG_WARN__DUPLICATE_METHOD_MATCH = YES;
				"CODE_SIGN_IDENTITY[sdk=iphoneos*]" = "iPhone Developer";
				COPY_PHASE_STRIP = NO;
				GCC_C_LANGUAGE_STANDARD = gnu99;
				GCC_DYNAMIC_NO_PIC = NO;
				GCC_OPTIMIZATION_LEVEL = 0;
				GCC_PREPROCESSOR_DEFINITIONS = (
					"DEBUG=1",
					"$(inherited)",
				);
				GCC_SYMBOLS_PRIVATE_EXTERN = NO;
				GCC_WARN_ABOUT_RETURN_TYPE = YES;
				GCC_WARN_UNINITIALIZED_AUTOS = YES;
				GCC_WARN_UNUSED_VARIABLE = YES;
				IPHONEOS_DEPLOYMENT_TARGET = 6.0;
				ONLY_ACTIVE_ARCH = YES;
				SDKROOT = iphoneos;
				TARGETED_DEVICE_FAMILY = "1,2";
			};
			name = Debug;
		};
		42C47DCF16A2E8230013306E /* Release */ = {
			isa = XCBuildConfiguration;
			buildSettings = {
				ALWAYS_SEARCH_USER_PATHS = NO;
				CLANG_CXX_LANGUAGE_STANDARD = "gnu++0x";
				CLANG_CXX_LIBRARY = "libc++";
				CLANG_WARN_EMPTY_BODY = YES;
				CLANG_WARN__DUPLICATE_METHOD_MATCH = YES;
				"CODE_SIGN_IDENTITY[sdk=iphoneos*]" = "iPhone Developer";
				COPY_PHASE_STRIP = YES;
				GCC_C_LANGUAGE_STANDARD = gnu99;
				GCC_WARN_ABOUT_RETURN_TYPE = YES;
				GCC_WARN_UNINITIALIZED_AUTOS = YES;
				GCC_WARN_UNUSED_VARIABLE = YES;
				IPHONEOS_DEPLOYMENT_TARGET = 6.0;
				OTHER_CFLAGS = "-DNS_BLOCK_ASSERTIONS=1";
				SDKROOT = iphoneos;
				TARGETED_DEVICE_FAMILY = "1,2";
				VALIDATE_PRODUCT = YES;
			};
			name = Release;
		};
		42C47DD116A2E8230013306E /* Debug */ = {
			isa = XCBuildConfiguration;
			buildSettings = {
				GCC_PRECOMPILE_PREFIX_HEADER = YES;
				GCC_PREFIX_HEADER = "MKTowerDefence/MKTowerDefence-Prefix.pch";
				INFOPLIST_FILE = "MKTowerDefence/MKTowerDefence-Info.plist";
				PRODUCT_NAME = "$(TARGET_NAME)";
				WRAPPER_EXTENSION = app;
			};
			name = Debug;
		};
		42C47DD216A2E8230013306E /* Release */ = {
			isa = XCBuildConfiguration;
			buildSettings = {
				GCC_PRECOMPILE_PREFIX_HEADER = YES;
				GCC_PREFIX_HEADER = "MKTowerDefence/MKTowerDefence-Prefix.pch";
				INFOPLIST_FILE = "MKTowerDefence/MKTowerDefence-Info.plist";
				PRODUCT_NAME = "$(TARGET_NAME)";
				WRAPPER_EXTENSION = app;
			};
			name = Release;
		};
		42C47DD416A2E8230013306E /* Debug */ = {
			isa = XCBuildConfiguration;
			buildSettings = {
				BUNDLE_LOADER = "$(BUILT_PRODUCTS_DIR)/MKTowerDefence.app/MKTowerDefence";
				FRAMEWORK_SEARCH_PATHS = (
					"\"$(SDKROOT)/Developer/Library/Frameworks\"",
					"\"$(DEVELOPER_LIBRARY_DIR)/Frameworks\"",
				);
				GCC_GENERATE_TEST_COVERAGE_FILES = YES;
				GCC_PRECOMPILE_PREFIX_HEADER = YES;
				GCC_PREFIX_HEADER = "MKTowerDefence/MKTowerDefence-Prefix.pch";
				INFOPLIST_FILE = "MKTowerDefenceTests/MKTowerDefenceTests-Info.plist";
				PRODUCT_NAME = "$(TARGET_NAME)";
				TEST_AFTER_BUILD = NO;
				WRAPPER_EXTENSION = octest;
			};
			name = Debug;
		};
		42C47DD516A2E8230013306E /* Release */ = {
			isa = XCBuildConfiguration;
			buildSettings = {
				BUNDLE_LOADER = "$(BUILT_PRODUCTS_DIR)/MKTowerDefence.app/MKTowerDefence";
				FRAMEWORK_SEARCH_PATHS = (
					"\"$(SDKROOT)/Developer/Library/Frameworks\"",
					"\"$(DEVELOPER_LIBRARY_DIR)/Frameworks\"",
				);
				GCC_GENERATE_TEST_COVERAGE_FILES = YES;
				GCC_PRECOMPILE_PREFIX_HEADER = YES;
				GCC_PREFIX_HEADER = "MKTowerDefence/MKTowerDefence-Prefix.pch";
				INFOPLIST_FILE = "MKTowerDefenceTests/MKTowerDefenceTests-Info.plist";
				PRODUCT_NAME = "$(TARGET_NAME)";
				TEST_AFTER_BUILD = NO;
				WRAPPER_EXTENSION = octest;
			};
			name = Release;
		};
/* End XCBuildConfiguration section */

/* Begin XCConfigurationList section */
		42C47D9716A2E8230013306E /* Build configuration list for PBXProject "MKTowerDefence" */ = {
			isa = XCConfigurationList;
			buildConfigurations = (
				42C47DCE16A2E8230013306E /* Debug */,
				42C47DCF16A2E8230013306E /* Release */,
			);
			defaultConfigurationIsVisible = 0;
			defaultConfigurationName = Release;
		};
		42C47DD016A2E8230013306E /* Build configuration list for PBXNativeTarget "MKTowerDefence" */ = {
			isa = XCConfigurationList;
			buildConfigurations = (
				42C47DD116A2E8230013306E /* Debug */,
				42C47DD216A2E8230013306E /* Release */,
			);
			defaultConfigurationIsVisible = 0;
			defaultConfigurationName = Release;
		};
		42C47DD316A2E8230013306E /* Build configuration list for PBXNativeTarget "MKTowerDefenceTests" */ = {
			isa = XCConfigurationList;
			buildConfigurations = (
				42C47DD416A2E8230013306E /* Debug */,
				42C47DD516A2E8230013306E /* Release */,
			);
			defaultConfigurationIsVisible = 0;
			defaultConfigurationName = Release;
		};
/* End XCConfigurationList section */
	};
	rootObject = 42C47D9416A2E8230013306E /* Project object */;
}
